
Microsoft Visual Studio Solution File, Format Version 12.00
# Visual Studio Version 17
VisualStudioVersion = 17.13.35818.85 d17.13
MinimumVisualStudioVersion = 10.0.40219.1
Project("{FAE04EC0-301F-11D3-BF4B-00C04F79EFBC}") = "Poliklinika20", "Poliklinika20.csproj", "{A2C40AC2-4936-4721-A5F7-A2D77206C97E}"
EndProject
Global
	GlobalSection(SolutionConfigurationPlatforms) = preSolution
		Debug|Any CPU = Debug|Any CPU
		Release|Any CPU = Release|Any CPU
	EndGlobalSection
	GlobalSection(ProjectConfigurationPlatforms) = postSolution
		{A2C40AC2-4936-4721-A5F7-A2D77206C97E}.Debug|Any CPU.ActiveCfg = Debug|Any CPU
		{A2C40AC2-4936-4721-A5F7-A2D77206C97E}.Debug|Any CPU.Build.0 = Debug|Any CPU
		{A2C40AC2-4936-4721-A5F7-A2D77206C97E}.Release|Any CPU.ActiveCfg = Release|Any CPU
		{A2C40AC2-4936-4721-A5F7-A2D77206C97E}.Release|Any CPU.Build.0 = Release|Any CPU
	EndGlobalSection
	GlobalSection(SolutionProperties) = preSolution
		HideSolutionNode = FALSE
	EndGlobalSection
	GlobalSection(ExtensibilityGlobals) = postSolution
		SolutionGuid = {4317D4A8-9DD8-4898-B9A6-0453642057EE}
	EndGlobalSection
EndGlobal
